
Microsoft Visual Studio Solution File, Format Version 12.00
# Visual Studio Version 16
VisualStudioVersion = 16.0.29905.134
MinimumVisualStudioVersion = 10.0.40219.1
Project("{9A19103F-16F7-4668-BE54-9A1E7A4F7556}") = "DadaStructure", "DadaStructure\DadaStructure.csproj", "{58358979-D488-4E27-A87F-A5DAC45391B6}"
EndProject
Project("{9A19103F-16F7-4668-BE54-9A1E7A4F7556}") = "DataStructureTest", "DataStructureTest\DataStructureTest.csproj", "{03A27FE4-D991-4CD7-B383-2762C6D3EFB9}"
EndProject
Project("{FAE04EC0-301F-11D3-BF4B-00C04F79EFBC}") = "ListTest", "ListTest\ListTest.csproj", "{368F4F55-46D6-4BC7-98E8-03F3B928B7B8}"
EndProject
Global
	GlobalSection(SolutionConfigurationPlatforms) = preSolution
		Debug|Any CPU = Debug|Any CPU
		Release|Any CPU = Release|Any CPU
	EndGlobalSection
	GlobalSection(ProjectConfigurationPlatforms) = postSolution
		{58358979-D488-4E27-A87F-A5DAC45391B6}.Debug|Any CPU.ActiveCfg = Debug|Any CPU
		{58358979-D488-4E27-A87F-A5DAC45391B6}.Debug|Any CPU.Build.0 = Debug|Any CPU
		{58358979-D488-4E27-A87F-A5DAC45391B6}.Release|Any CPU.ActiveCfg = Release|Any CPU
		{58358979-D488-4E27-A87F-A5DAC45391B6}.Release|Any CPU.Build.0 = Release|Any CPU
		{03A27FE4-D991-4CD7-B383-2762C6D3EFB9}.Debug|Any CPU.ActiveCfg = Debug|Any CPU
		{03A27FE4-D991-4CD7-B383-2762C6D3EFB9}.Debug|Any CPU.Build.0 = Debug|Any CPU
		{03A27FE4-D991-4CD7-B383-2762C6D3EFB9}.Release|Any CPU.ActiveCfg = Release|Any CPU
		{03A27FE4-D991-4CD7-B383-2762C6D3EFB9}.Release|Any CPU.Build.0 = Release|Any CPU
		{368F4F55-46D6-4BC7-98E8-03F3B928B7B8}.Debug|Any CPU.ActiveCfg = Debug|Any CPU
		{368F4F55-46D6-4BC7-98E8-03F3B928B7B8}.Debug|Any CPU.Build.0 = Debug|Any CPU
		{368F4F55-46D6-4BC7-98E8-03F3B928B7B8}.Release|Any CPU.ActiveCfg = Release|Any CPU
		{368F4F55-46D6-4BC7-98E8-03F3B928B7B8}.Release|Any CPU.Build.0 = Release|Any CPU
	EndGlobalSection
	GlobalSection(SolutionProperties) = preSolution
		HideSolutionNode = FALSE
	EndGlobalSection
	GlobalSection(ExtensibilityGlobals) = postSolution
		SolutionGuid = {579C0534-4B7D-4EF3-8D67-34FB26F7A8BD}
	EndGlobalSection
EndGlobal
